// !$*UTF8*$!
{
	archiveVersion = 1;
	classes = {
	};
	objectVersion = 48;
	objects = {

/* Begin PBXBuildFile section */
		6AA446CE210E2947004E4D88 /* UIImage+CVPixelBuffer.swift in Sources */ = {isa = PBXBuildFile; fileRef = 6AA446BC210E2947004E4D88 /* UIImage+CVPixelBuffer.swift */; };
		6AA446CF210E2947004E4D88 /* ViewController.swift in Sources */ = {isa = PBXBuildFile; fileRef = 6AA446BD210E2947004E4D88 /* ViewController.swift */; };
		6AA446D0210E2947004E4D88 /* ViewController+Layout.swift in Sources */ = {isa = PBXBuildFile; fileRef = 6AA446BF210E2947004E4D88 /* ViewController+Layout.swift */; };
		6AA446D1210E2947004E4D88 /* ViewController+Classify.swift in Sources */ = {isa = PBXBuildFile; fileRef = 6AA446C0210E2947004E4D88 /* ViewController+Classify.swift */; };
		6AA446D2210E2947004E4D88 /* PhotosLibraryHandler.swift in Sources */ = {isa = PBXBuildFile; fileRef = 6AA446C1210E2947004E4D88 /* PhotosLibraryHandler.swift */; };
		6AA446D3210E2947004E4D88 /* Assets.xcassets in Resources */ = {isa = PBXBuildFile; fileRef = 6AA446C2210E2947004E4D88 /* Assets.xcassets */; };
		6AA446D4210E2947004E4D88 /* LaunchScreen.storyboard in Resources */ = {isa = PBXBuildFile; fileRef = 6AA446C3210E2947004E4D88 /* LaunchScreen.storyboard */; };
		6AA446D5210E2947004E4D88 /* Main.storyboard in Resources */ = {isa = PBXBuildFile; fileRef = 6AA446C5210E2947004E4D88 /* Main.storyboard */; };
		6AA446D7210E2947004E4D88 /* main.m in Sources */ = {isa = PBXBuildFile; fileRef = 6AA446C8210E2947004E4D88 /* main.m */; };
		6AA446D8210E2947004E4D88 /* AppDelegate.m in Sources */ = {isa = PBXBuildFile; fileRef = 6AA446CA210E2947004E4D88 /* AppDelegate.m */; };
		6AA446D9210E2947004E4D88 /* Info.plist in Resources */ = {isa = PBXBuildFile; fileRef = 6AA446CB210E2947004E4D88 /* Info.plist */; };
		6AA446DD210E2AB0004E4D88 /* ObjectPredict.mlmodel in Sources */ = {isa = PBXBuildFile; fileRef = 6AA446DC210E2AB0004E4D88 /* ObjectPredict.mlmodel */; };
/* End PBXBuildFile section */

/* Begin PBXFileReference section */
		6AA446BC210E2947004E4D88 /* UIImage+CVPixelBuffer.swift */ = {isa = PBXFileReference; fileEncoding = 4; lastKnownFileType = sourcecode.swift; path = "UIImage+CVPixelBuffer.swift"; sourceTree = "<group>"; };
		6AA446BD210E2947004E4D88 /* ViewController.swift */ = {isa = PBXFileReference; fileEncoding = 4; lastKnownFileType = sourcecode.swift; path = ViewController.swift; sourceTree = "<group>"; };
		6AA446BE210E2947004E4D88 /* AppDelegate.h */ = {isa = PBXFileReference; fileEncoding = 4; lastKnownFileType = sourcecode.c.h; path = AppDelegate.h; sourceTree = "<group>"; };
		6AA446BF210E2947004E4D88 /* ViewController+Layout.swift */ = {isa = PBXFileReference; fileEncoding = 4; lastKnownFileType = sourcecode.swift; path = "ViewController+Layout.swift"; sourceTree = "<group>"; };
		6AA446C0210E2947004E4D88 /* ViewController+Classify.swift */ = {isa = PBXFileReference; fileEncoding = 4; lastKnownFileType = sourcecode.swift; path = "ViewController+Classify.swift"; sourceTree = "<group>"; };
		6AA446C1210E2947004E4D88 /* PhotosLibraryHandler.swift */ = {isa = PBXFileReference; fileEncoding = 4; lastKnownFileType = sourcecode.swift; path = PhotosLibraryHandler.swift; sourceTree = "<group>"; };
		6AA446C2210E2947004E4D88 /* Assets.xcassets */ = {isa = PBXFileReference; lastKnownFileType = folder.assetcatalog; path = Assets.xcassets; sourceTree = "<group>"; };
		6AA446C4210E2947004E4D88 /* Base */ = {isa = PBXFileReference; lastKnownFileType = file.storyboard; name = Base; path = Base.lproj/LaunchScreen.storyboard; sourceTree = "<group>"; };
		6AA446C6210E2947004E4D88 /* Base */ = {isa = PBXFileReference; lastKnownFileType = file.storyboard; name = Base; path = Base.lproj/Main.storyboard; sourceTree = "<group>"; };
		6AA446C8210E2947004E4D88 /* main.m */ = {isa = PBXFileReference; fileEncoding = 4; lastKnownFileType = sourcecode.c.objc; path = main.m; sourceTree = "<group>"; };
		6AA446C9210E2947004E4D88 /* MachineLearningTutorial-Bridging-Header.h */ = {isa = PBXFileReference; fileEncoding = 4; lastKnownFileType = sourcecode.c.h; path = "MachineLearningTutorial-Bridging-Header.h"; sourceTree = "<group>"; };
		6AA446CA210E2947004E4D88 /* AppDelegate.m */ = {isa = PBXFileReference; fileEncoding = 4; lastKnownFileType = sourcecode.c.objc; path = AppDelegate.m; sourceTree = "<group>"; };
		6AA446CB210E2947004E4D88 /* Info.plist */ = {isa = PBXFileReference; fileEncoding = 4; lastKnownFileType = text.plist.xml; path = Info.plist; sourceTree = "<group>"; };
		6AA446DA210E29ED004E4D88 /* MachineLearningTutorial.app */ = {isa = PBXFileReference; explicitFileType = wrapper.application; includeInIndex = 0; path = MachineLearningTutorial.app; sourceTree = BUILT_PRODUCTS_DIR; };
		6AA446DC210E2AB0004E4D88 /* ObjectPredict.mlmodel */ = {isa = PBXFileReference; lastKnownFileType = file.mlmodel; name = ObjectPredict.mlmodel; path = ../../models/ObjectPredict.mlmodel; sourceTree = "<group>"; };
/* End PBXFileReference section */

/* Begin PBXFrameworksBuildPhase section */
		6A0520F020E92562001CBA61 /* Frameworks */ = {
			isa = PBXFrameworksBuildPhase;
			buildActionMask = 2147483647;
			files = (
			);
			runOnlyForDeploymentPostprocessing = 0;
		};
/* End PBXFrameworksBuildPhase section */

/* Begin PBXGroup section */
		6A0520EA20E92562001CBA61 = {
			isa = PBXGroup;
			children = (
				6AA446BB210E2947004E4D88 /* MachineLearningTutorial */,
				6AA446DA210E29ED004E4D88 /* MachineLearningTutorial.app */,
			);
			sourceTree = "<group>";
		};
		6A92FE002113AF16003BFFA5 /* Utils */ = {
			isa = PBXGroup;
			children = (
				6AA446C1210E2947004E4D88 /* PhotosLibraryHandler.swift */,
				6AA446BC210E2947004E4D88 /* UIImage+CVPixelBuffer.swift */,
			);
			path = Utils;
			sourceTree = "<group>";
		};
		6AA446BB210E2947004E4D88 /* MachineLearningTutorial */ = {
			isa = PBXGroup;
			children = (
				6A92FE002113AF16003BFFA5 /* Utils */,
				6AA446DC210E2AB0004E4D88 /* ObjectPredict.mlmodel */,
				6AA446BE210E2947004E4D88 /* AppDelegate.h */,
				6AA446CA210E2947004E4D88 /* AppDelegate.m */,
				6AA446BD210E2947004E4D88 /* ViewController.swift */,
				6AA446BF210E2947004E4D88 /* ViewController+Layout.swift */,
				6AA446C0210E2947004E4D88 /* ViewController+Classify.swift */,
				6AA446C2210E2947004E4D88 /* Assets.xcassets */,
				6AA446C3210E2947004E4D88 /* LaunchScreen.storyboard */,
				6AA446C5210E2947004E4D88 /* Main.storyboard */,
				6AA446C8210E2947004E4D88 /* main.m */,
				6AA446C9210E2947004E4D88 /* MachineLearningTutorial-Bridging-Header.h */,
				6AA446CB210E2947004E4D88 /* Info.plist */,
			);
			path = MachineLearningTutorial;
			sourceTree = "<group>";
		};
/* End PBXGroup section */

/* Begin PBXNativeTarget section */
		6A0520F220E92562001CBA61 /* MachineLearningTutorial */ = {
			isa = PBXNativeTarget;
			buildConfigurationList = 6A05211420E92563001CBA61 /* Build configuration list for PBXNativeTarget "MachineLearningTutorial" */;
			buildPhases = (
				6A0520EF20E92562001CBA61 /* Sources */,
				6A0520F020E92562001CBA61 /* Frameworks */,
				6A0520F120E92562001CBA61 /* Resources */,
			);
			buildRules = (
			);
			dependencies = (
			);
			name = MachineLearningTutorial;
			productName = PusherTutorial;
			productReference = 6AA446DA210E29ED004E4D88 /* MachineLearningTutorial.app */;
			productType = "com.apple.product-type.application";
		};
/* End PBXNativeTarget section */

/* Begin PBXProject section */
		6A0520EB20E92562001CBA61 /* Project object */ = {
			isa = PBXProject;
			attributes = {
				LastUpgradeCheck = 0920;
				ORGANIZATIONNAME = "Elena Jovcevska";
				TargetAttributes = {
					6A0520F220E92562001CBA61 = {
						CreatedOnToolsVersion = 9.2;
						LastSwiftMigration = 0940;
						ProvisioningStyle = Manual;
					};
				};
			};
			buildConfigurationList = 6A0520EE20E92562001CBA61 /* Build configuration list for PBXProject "MachineLearningTutorial" */;
			compatibilityVersion = "Xcode 8.0";
			developmentRegion = en;
			hasScannedForEncodings = 0;
			knownRegions = (
				en,
				Base,
			);
			mainGroup = 6A0520EA20E92562001CBA61;
			productRefGroup = 6A0520EA20E92562001CBA61;
			projectDirPath = "";
			projectRoot = "";
			targets = (
				6A0520F220E92562001CBA61 /* MachineLearningTutorial */,
			);
		};
/* End PBXProject section */

/* Begin PBXResourcesBuildPhase section */
		6A0520F120E92562001CBA61 /* Resources */ = {
			isa = PBXResourcesBuildPhase;
			buildActionMask = 2147483647;
			files = (
				6AA446D9210E2947004E4D88 /* Info.plist in Resources */,
				6AA446D5210E2947004E4D88 /* Main.storyboard in Resources */,
				6AA446D4210E2947004E4D88 /* LaunchScreen.storyboard in Resources */,
				6AA446D3210E2947004E4D88 /* Assets.xcassets in Resources */,
			);
			runOnlyForDeploymentPostprocessing = 0;
		};
/* End PBXResourcesBuildPhase section */

/* Begin PBXSourcesBuildPhase section */
		6A0520EF20E92562001CBA61 /* Sources */ = {
			isa = PBXSourcesBuildPhase;
			buildActionMask = 2147483647;
			files = (
				6AA446D0210E2947004E4D88 /* ViewController+Layout.swift in Sources */,
				6AA446D1210E2947004E4D88 /* ViewController+Classify.swift in Sources */,
				6AA446D7210E2947004E4D88 /* main.m in Sources */,
				6AA446CF210E2947004E4D88 /* ViewController.swift in Sources */,
				6AA446CE210E2947004E4D88 /* UIImage+CVPixelBuffer.swift in Sources */,
				6AA446D2210E2947004E4D88 /* PhotosLibraryHandler.swift in Sources */,
				6AA446D8210E2947004E4D88 /* AppDelegate.m in Sources */,
				6AA446DD210E2AB0004E4D88 /* ObjectPredict.mlmodel in Sources */,
			);
			runOnlyForDeploymentPostprocessing = 0;
		};
/* End PBXSourcesBuildPhase section */

/* Begin PBXVariantGroup section */
		6AA446C3210E2947004E4D88 /* LaunchScreen.storyboard */ = {
			isa = PBXVariantGroup;
			children = (
				6AA446C4210E2947004E4D88 /* Base */,
			);
			name = LaunchScreen.storyboard;
			sourceTree = "<group>";
		};
		6AA446C5210E2947004E4D88 /* Main.storyboard */ = {
			isa = PBXVariantGroup;
			children = (
				6AA446C6210E2947004E4D88 /* Base */,
			);
			name = Main.storyboard;
			sourceTree = "<group>";
		};
/* End PBXVariantGroup section */

/* Begin XCBuildConfiguration section */
		6A05211220E92563001CBA61 /* Debug */ = {
			isa = XCBuildConfiguration;
			buildSettings = {
				ALWAYS_SEARCH_USER_PATHS = NO;
				CLANG_ANALYZER_NONNULL = YES;
				CLANG_ANALYZER_NUMBER_OBJECT_CONVERSION = YES_AGGRESSIVE;
				CLANG_CXX_LANGUAGE_STANDARD = "gnu++14";
				CLANG_CXX_LIBRARY = "libc++";
				CLANG_ENABLE_MODULES = YES;
				CLANG_ENABLE_OBJC_ARC = YES;
				CLANG_WARN_BLOCK_CAPTURE_AUTORELEASING = YES;
				CLANG_WARN_BOOL_CONVERSION = YES;
				CLANG_WARN_COMMA = YES;
				CLANG_WARN_CONSTANT_CONVERSION = YES;
				CLANG_WARN_DIRECT_OBJC_ISA_USAGE = YES_ERROR;
				CLANG_WARN_DOCUMENTATION_COMMENTS = YES;
				CLANG_WARN_EMPTY_BODY = YES;
				CLANG_WARN_ENUM_CONVERSION = YES;
				CLANG_WARN_INFINITE_RECURSION = YES;
				CLANG_WARN_INT_CONVERSION = YES;
				CLANG_WARN_NON_LITERAL_NULL_CONVERSION = YES;
				CLANG_WARN_OBJC_LITERAL_CONVERSION = YES;
				CLANG_WARN_OBJC_ROOT_CLASS = YES_ERROR;
				CLANG_WARN_RANGE_LOOP_ANALYSIS = YES;
				CLANG_WARN_STRICT_PROTOTYPES = YES;
				CLANG_WARN_SUSPICIOUS_MOVE = YES;
				CLANG_WARN_UNGUARDED_AVAILABILITY = YES_AGGRESSIVE;
				CLANG_WARN_UNREACHABLE_CODE = YES;
				CLANG_WARN__DUPLICATE_METHOD_MATCH = YES;
				CODE_SIGN_IDENTITY = "iPhone Developer";
				COPY_PHASE_STRIP = NO;
				DEBUG_INFORMATION_FORMAT = dwarf;
				ENABLE_STRICT_OBJC_MSGSEND = YES;
				ENABLE_TESTABILITY = YES;
				GCC_C_LANGUAGE_STANDARD = gnu11;
				GCC_DYNAMIC_NO_PIC = NO;
				GCC_NO_COMMON_BLOCKS = YES;
				GCC_OPTIMIZATION_LEVEL = 0;
				GCC_PREPROCESSOR_DEFINITIONS = (
					"DEBUG=1",
					"$(inherited)",
				);
				GCC_WARN_64_TO_32_BIT_CONVERSION = YES;
				GCC_WARN_ABOUT_RETURN_TYPE = YES_ERROR;
				GCC_WARN_UNDECLARED_SELECTOR = YES;
				GCC_WARN_UNINITIALIZED_AUTOS = YES_AGGRESSIVE;
				GCC_WARN_UNUSED_FUNCTION = YES;
				GCC_WARN_UNUSED_VARIABLE = YES;
				IPHONEOS_DEPLOYMENT_TARGET = 11.2;
				MTL_ENABLE_DEBUG_INFO = YES;
				ONLY_ACTIVE_ARCH = YES;
				SDKROOT = iphoneos;
			};
			name = Debug;
		};
		6A05211320E92563001CBA61 /* Release */ = {
			isa = XCBuildConfiguration;
			buildSettings = {
				ALWAYS_SEARCH_USER_PATHS = NO;
				CLANG_ANALYZER_NONNULL = YES;
				CLANG_ANALYZER_NUMBER_OBJECT_CONVERSION = YES_AGGRESSIVE;
				CLANG_CXX_LANGUAGE_STANDARD = "gnu++14";
				CLANG_CXX_LIBRARY = "libc++";
				CLANG_ENABLE_MODULES = YES;
				CLANG_ENABLE_OBJC_ARC = YES;
				CLANG_WARN_BLOCK_CAPTURE_AUTORELEASING = YES;
				CLANG_WARN_BOOL_CONVERSION = YES;
				CLANG_WARN_COMMA = YES;
				CLANG_WARN_CONSTANT_CONVERSION = YES;
				CLANG_WARN_DIRECT_OBJC_ISA_USAGE = YES_ERROR;
				CLANG_WARN_DOCUMENTATION_COMMENTS = YES;
				CLANG_WARN_EMPTY_BODY = YES;
				CLANG_WARN_ENUM_CONVERSION = YES;
				CLANG_WARN_INFINITE_RECURSION = YES;
				CLANG_WARN_INT_CONVERSION = YES;
				CLANG_WARN_NON_LITERAL_NULL_CONVERSION = YES;
				CLANG_WARN_OBJC_LITERAL_CONVERSION = YES;
				CLANG_WARN_OBJC_ROOT_CLASS = YES_ERROR;
				CLANG_WARN_RANGE_LOOP_ANALYSIS = YES;
				CLANG_WARN_STRICT_PROTOTYPES = YES;
				CLANG_WARN_SUSPICIOUS_MOVE = YES;
				CLANG_WARN_UNGUARDED_AVAILABILITY = YES_AGGRESSIVE;
				CLANG_WARN_UNREACHABLE_CODE = YES;
				CLANG_WARN__DUPLICATE_METHOD_MATCH = YES;
				CODE_SIGN_IDENTITY = "iPhone Developer";
				COPY_PHASE_STRIP = NO;
				DEBUG_INFORMATION_FORMAT = "dwarf-with-dsym";
				ENABLE_NS_ASSERTIONS = NO;
				ENABLE_STRICT_OBJC_MSGSEND = YES;
				GCC_C_LANGUAGE_STANDARD = gnu11;
				GCC_NO_COMMON_BLOCKS = YES;
				GCC_WARN_64_TO_32_BIT_CONVERSION = YES;
				GCC_WARN_ABOUT_RETURN_TYPE = YES_ERROR;
				GCC_WARN_UNDECLARED_SELECTOR = YES;
				GCC_WARN_UNINITIALIZED_AUTOS = YES_AGGRESSIVE;
				GCC_WARN_UNUSED_FUNCTION = YES;
				GCC_WARN_UNUSED_VARIABLE = YES;
				IPHONEOS_DEPLOYMENT_TARGET = 11.2;
				MTL_ENABLE_DEBUG_INFO = NO;
				SDKROOT = iphoneos;
				VALIDATE_PRODUCT = YES;
			};
			name = Release;
		};
		6A05211520E92563001CBA61 /* Debug */ = {
			isa = XCBuildConfiguration;
			buildSettings = {
				ASSETCATALOG_COMPILER_APPICON_NAME = AppIcon;
				CLANG_ENABLE_MODULES = YES;
				CODE_SIGN_STYLE = Manual;
				DEVELOPMENT_TEAM = "";
				INFOPLIST_FILE = MachineLearningTutorial/Info.plist;
				LD_RUNPATH_SEARCH_PATHS = "$(inherited) @executable_path/Frameworks";
				PRODUCT_BUNDLE_IDENTIFIER = com.jovcevska.MachineLearningTutorial;
				PRODUCT_NAME = "$(TARGET_NAME)";
				PROVISIONING_PROFILE_SPECIFIER = "";
				SWIFT_OBJC_BRIDGING_HEADER = "MachineLearningTutorial/MachineLearningTutorial-Bridging-Header.h";
				SWIFT_OPTIMIZATION_LEVEL = "-Onone";
				SWIFT_VERSION = 4.0;
				TARGETED_DEVICE_FAMILY = "1,2";
			};
			name = Debug;
		};
		6A05211620E92563001CBA61 /* Release */ = {
			isa = XCBuildConfiguration;
			buildSettings = {
				ASSETCATALOG_COMPILER_APPICON_NAME = AppIcon;
				CLANG_ENABLE_MODULES = YES;
				CODE_SIGN_STYLE = Manual;
				DEVELOPMENT_TEAM = "";
				INFOPLIST_FILE = MachineLearningTutorial/Info.plist;
				LD_RUNPATH_SEARCH_PATHS = "$(inherited) @executable_path/Frameworks";
				PRODUCT_BUNDLE_IDENTIFIER = com.jovcevska.MachineLearningTutorial;
				PRODUCT_NAME = "$(TARGET_NAME)";
				PROVISIONING_PROFILE_SPECIFIER = "";
				SWIFT_OBJC_BRIDGING_HEADER = "MachineLearningTutorial/MachineLearningTutorial-Bridging-Header.h";
				SWIFT_VERSION = 4.0;
				TARGETED_DEVICE_FAMILY = "1,2";
			};
			name = Release;
		};
/* End XCBuildConfiguration section */

/* Begin XCConfigurationList section */
		6A0520EE20E92562001CBA61 /* Build configuration list for PBXProject "MachineLearningTutorial" */ = {
			isa = XCConfigurationList;
			buildConfigurations = (
				6A05211220E92563001CBA61 /* Debug */,
				6A05211320E92563001CBA61 /* Release */,
			);
			defaultConfigurationIsVisible = 0;
			defaultConfigurationName = Release;
		};
		6A05211420E92563001CBA61 /* Build configuration list for PBXNativeTarget "MachineLearningTutorial" */ = {
			isa = XCConfigurationList;
			buildConfigurations = (
				6A05211520E92563001CBA61 /* Debug */,
				6A05211620E92563001CBA61 /* Release */,
			);
			defaultConfigurationIsVisible = 0;
			defaultConfigurationName = Release;
		};
/* End XCConfigurationList section */
	};
	rootObject = 6A0520EB20E92562001CBA61 /* Project object */;
}
